
Microsoft Visual Studio Solution File, Format Version 12.00
# Visual Studio Version 17
VisualStudioVersion = 17.14.36203.30 d17.14
MinimumVisualStudioVersion = 10.0.40219.1
Project("{FAE04EC0-301F-11D3-BF4B-00C04F79EFBC}") = "SmokeQuit.Repository.LocDPX", "SmokeQuit.Repository.LocDPX\SmokeQuit.Repository.LocDPX.csproj", "{FA0AC4D8-BD86-4E78-ACD6-DB64711854C2}"
EndProject
Project("{FAE04EC0-301F-11D3-BF4B-00C04F79EFBC}") = "SmokeQuit.Services.LocDPX", "SmokeQuit.Services.LocDPX\SmokeQuit.Services.LocDPX.csproj", "{07F259E4-0D36-438D-8BA0-28920A680423}"
EndProject
Project("{FAE04EC0-301F-11D3-BF4B-00C04F79EFBC}") = "SmokeQuit.GraphQLAPIServices.LocDPX", "SmokeQuit.GraphQLAPIServices.LocDPX\SmokeQuit.GraphQLAPIServices.LocDPX.csproj", "{42C3DB22-2DAD-4568-BD79-52A3B3B6E4F0}"
EndProject
Project("{FAE04EC0-301F-11D3-BF4B-00C04F79EFBC}") = "SmokeQuit.GraphQLClients.BlazorWAS.LocDPX", "SmokeQuit.GraphQLClients.BlazorWAS.LocDPX\SmokeQuit.GraphQLClients.BlazorWAS.LocDPX.csproj", "{01A18793-E5CC-4626-987B-C09C97975221}"
EndProject
Global
	GlobalSection(SolutionConfigurationPlatforms) = preSolution
		Debug|Any CPU = Debug|Any CPU
		Release|Any CPU = Release|Any CPU
	EndGlobalSection
	GlobalSection(ProjectConfigurationPlatforms) = postSolution
		{FA0AC4D8-BD86-4E78-ACD6-DB64711854C2}.Debug|Any CPU.ActiveCfg = Debug|Any CPU
		{FA0AC4D8-BD86-4E78-ACD6-DB64711854C2}.Debug|Any CPU.Build.0 = Debug|Any CPU
		{FA0AC4D8-BD86-4E78-ACD6-DB64711854C2}.Release|Any CPU.ActiveCfg = Release|Any CPU
		{FA0AC4D8-BD86-4E78-ACD6-DB64711854C2}.Release|Any CPU.Build.0 = Release|Any CPU
		{07F259E4-0D36-438D-8BA0-28920A680423}.Debug|Any CPU.ActiveCfg = Debug|Any CPU
		{07F259E4-0D36-438D-8BA0-28920A680423}.Debug|Any CPU.Build.0 = Debug|Any CPU
		{07F259E4-0D36-438D-8BA0-28920A680423}.Release|Any CPU.ActiveCfg = Release|Any CPU
		{07F259E4-0D36-438D-8BA0-28920A680423}.Release|Any CPU.Build.0 = Release|Any CPU
		{42C3DB22-2DAD-4568-BD79-52A3B3B6E4F0}.Debug|Any CPU.ActiveCfg = Debug|Any CPU
		{42C3DB22-2DAD-4568-BD79-52A3B3B6E4F0}.Debug|Any CPU.Build.0 = Debug|Any CPU
		{42C3DB22-2DAD-4568-BD79-52A3B3B6E4F0}.Release|Any CPU.ActiveCfg = Release|Any CPU
		{42C3DB22-2DAD-4568-BD79-52A3B3B6E4F0}.Release|Any CPU.Build.0 = Release|Any CPU
		{01A18793-E5CC-4626-987B-C09C97975221}.Debug|Any CPU.ActiveCfg = Debug|Any CPU
		{01A18793-E5CC-4626-987B-C09C97975221}.Debug|Any CPU.Build.0 = Debug|Any CPU
		{01A18793-E5CC-4626-987B-C09C97975221}.Release|Any CPU.ActiveCfg = Release|Any CPU
		{01A18793-E5CC-4626-987B-C09C97975221}.Release|Any CPU.Build.0 = Release|Any CPU
	EndGlobalSection
	GlobalSection(SolutionProperties) = preSolution
		HideSolutionNode = FALSE
	EndGlobalSection
	GlobalSection(ExtensibilityGlobals) = postSolution
		SolutionGuid = {E9B86C7B-5A06-4A77-99E4-44C1DE9932EA}
	EndGlobalSection
EndGlobal
